# THIS IS AN AUTOGENERATED FILE. DO NOT EDIT THIS FILE DIRECTLY.
# yarn lockfile v1


expo-document-picker@^11.7.0:
  version "11.7.0"
  resolved "https://registry.yarnpkg.com/expo-document-picker/-/expo-document-picker-11.7.0.tgz#05a4f8681262692bca20264fa66f84433292d8f4"
  integrity sha512-y5OgUuJlip/Vj3CXi6Rfx6PqMkoYwytKmgN6x8afRPehVcYVk3j/EZxvz1MLgUhCmjyFnIpfgG5WTf8uSNbIiA==

react-native-file-viewer@^2.1.5:
  version "2.1.5"
  resolved "https://registry.yarnpkg.com/react-native-file-viewer/-/react-native-file-viewer-2.1.5.tgz#cd4544f573108e79002b5c7e1ebfce4371885250"
  integrity sha512-MGC6sx9jsqHdefhVQ6o0akdsPGpkXgiIbpygb2Sg4g4bh7v6K1cardLV1NwGB9A6u1yICOSDT/MOC//9Ez6EUg==
